
Microsoft Visual Studio Solution File, Format Version 11.00
# Visual Studio 2010
Project("{FAE04EC0-301F-11D3-BF4B-00C04F79EFBC}") = "web", "web\web.csproj", "{CA507467-31A8-48CD-8739-977C1A2AA6CC}"
EndProject
Project("{FAE04EC0-301F-11D3-BF4B-00C04F79EFBC}") = "Model", "Model\Model.csproj", "{737577CD-82DD-4B88-BCFA-FEFACA3250D4}"
EndProject
Project("{FAE04EC0-301F-11D3-BF4B-00C04F79EFBC}") = "DAL", "DAL\DAL.csproj", "{D05777A1-5D9C-487E-A965-E3C695327A17}"
EndProject
Project("{FAE04EC0-301F-11D3-BF4B-00C04F79EFBC}") = "BLL", "BLL\BLL.csproj", "{166CD01F-0A8D-4EB8-9B6D-59111AD49FC2}"
EndProject
Global
	GlobalSection(SolutionConfigurationPlatforms) = preSolution
		Debug|Any CPU = Debug|Any CPU
		Release|Any CPU = Release|Any CPU
	EndGlobalSection
	GlobalSection(ProjectConfigurationPlatforms) = postSolution
		{CA507467-31A8-48CD-8739-977C1A2AA6CC}.Debug|Any CPU.ActiveCfg = Debug|Any CPU
		{CA507467-31A8-48CD-8739-977C1A2AA6CC}.Debug|Any CPU.Build.0 = Debug|Any CPU
		{CA507467-31A8-48CD-8739-977C1A2AA6CC}.Release|Any CPU.ActiveCfg = Release|Any CPU
		{CA507467-31A8-48CD-8739-977C1A2AA6CC}.Release|Any CPU.Build.0 = Release|Any CPU
		{737577CD-82DD-4B88-BCFA-FEFACA3250D4}.Debug|Any CPU.ActiveCfg = Debug|Any CPU
		{737577CD-82DD-4B88-BCFA-FEFACA3250D4}.Debug|Any CPU.Build.0 = Debug|Any CPU
		{737577CD-82DD-4B88-BCFA-FEFACA3250D4}.Release|Any CPU.ActiveCfg = Release|Any CPU
		{737577CD-82DD-4B88-BCFA-FEFACA3250D4}.Release|Any CPU.Build.0 = Release|Any CPU
		{D05777A1-5D9C-487E-A965-E3C695327A17}.Debug|Any CPU.ActiveCfg = Debug|Any CPU
		{D05777A1-5D9C-487E-A965-E3C695327A17}.Debug|Any CPU.Build.0 = Debug|Any CPU
		{D05777A1-5D9C-487E-A965-E3C695327A17}.Release|Any CPU.ActiveCfg = Release|Any CPU
		{D05777A1-5D9C-487E-A965-E3C695327A17}.Release|Any CPU.Build.0 = Release|Any CPU
		{166CD01F-0A8D-4EB8-9B6D-59111AD49FC2}.Debug|Any CPU.ActiveCfg = Debug|Any CPU
		{166CD01F-0A8D-4EB8-9B6D-59111AD49FC2}.Debug|Any CPU.Build.0 = Debug|Any CPU
		{166CD01F-0A8D-4EB8-9B6D-59111AD49FC2}.Release|Any CPU.ActiveCfg = Release|Any CPU
		{166CD01F-0A8D-4EB8-9B6D-59111AD49FC2}.Release|Any CPU.Build.0 = Release|Any CPU
	EndGlobalSection
	GlobalSection(SolutionProperties) = preSolution
		HideSolutionNode = FALSE
	EndGlobalSection
EndGlobal
